
Microsoft Visual Studio Solution File, Format Version 12.00
# Visual Studio Version 16
VisualStudioVersion = 16.0.31729.503
MinimumVisualStudioVersion = 10.0.40219.1
Project("{FAE04EC0-301F-11D3-BF4B-00C04F79EFBC}") = "Symply_SoundBoard_MK", "Symply_SoundBoard_MK\Symply_SoundBoard_MK.csproj", "{A247C51C-68FF-434B-B88F-4C59412709FC}"
EndProject
Global
	GlobalSection(SolutionConfigurationPlatforms) = preSolution
		Debug|Any CPU = Debug|Any CPU
		Release|Any CPU = Release|Any CPU
	EndGlobalSection
	GlobalSection(ProjectConfigurationPlatforms) = postSolution
		{A247C51C-68FF-434B-B88F-4C59412709FC}.Debug|Any CPU.ActiveCfg = Debug|Any CPU
		{A247C51C-68FF-434B-B88F-4C59412709FC}.Debug|Any CPU.Build.0 = Debug|Any CPU
		{A247C51C-68FF-434B-B88F-4C59412709FC}.Release|Any CPU.ActiveCfg = Release|Any CPU
		{A247C51C-68FF-434B-B88F-4C59412709FC}.Release|Any CPU.Build.0 = Release|Any CPU
	EndGlobalSection
	GlobalSection(SolutionProperties) = preSolution
		HideSolutionNode = FALSE
	EndGlobalSection
	GlobalSection(ExtensibilityGlobals) = postSolution
		SolutionGuid = {E3369DD3-5E6C-48A5-9ABD-D7D6F4A06690}
	EndGlobalSection
EndGlobal
